
Microsoft Visual Studio Solution File, Format Version 12.00
# Visual Studio Version 16
VisualStudioVersion = 16.0.33920.266
MinimumVisualStudioVersion = 10.0.40219.1
Project("{FAE04EC0-301F-11D3-BF4B-00C04F79EFBC}") = "Youtube-video", "Youtube-video\Youtube-video.csproj", "{FA1A47AE-F767-4830-8C0B-0E1396B80464}"
EndProject
Global
	GlobalSection(SolutionConfigurationPlatforms) = preSolution
		Debug|Any CPU = Debug|Any CPU
		Release|Any CPU = Release|Any CPU
	EndGlobalSection
	GlobalSection(ProjectConfigurationPlatforms) = postSolution
		{FA1A47AE-F767-4830-8C0B-0E1396B80464}.Debug|Any CPU.ActiveCfg = Debug|Any CPU
		{FA1A47AE-F767-4830-8C0B-0E1396B80464}.Debug|Any CPU.Build.0 = Debug|Any CPU
		{FA1A47AE-F767-4830-8C0B-0E1396B80464}.Release|Any CPU.ActiveCfg = Release|Any CPU
		{FA1A47AE-F767-4830-8C0B-0E1396B80464}.Release|Any CPU.Build.0 = Release|Any CPU
	EndGlobalSection
	GlobalSection(SolutionProperties) = preSolution
		HideSolutionNode = FALSE
	EndGlobalSection
	GlobalSection(ExtensibilityGlobals) = postSolution
		SolutionGuid = {BF59E1E9-0C79-40AB-8A27-21CB132C6E48}
	EndGlobalSection
EndGlobal
